
Microsoft Visual Studio Solution File, Format Version 12.00
# Visual Studio Version 17
VisualStudioVersion = 17.3.32901.215
MinimumVisualStudioVersion = 10.0.40219.1
Project("{FAE04EC0-301F-11D3-BF4B-00C04F79EFBC}") = "ProcessHollowEncrypted", "ProcessHollowEncrypted\ProcessHollowEncrypted.csproj", "{D2442E95-8664-487C-84D7-B599E42649AA}"
EndProject
Global
	GlobalSection(SolutionConfigurationPlatforms) = preSolution
		Debug|Any CPU = Debug|Any CPU
		Debug|x64 = Debug|x64
		Release|Any CPU = Release|Any CPU
		Release|x64 = Release|x64
	EndGlobalSection
	GlobalSection(ProjectConfigurationPlatforms) = postSolution
		{D2442E95-8664-487C-84D7-B599E42649AA}.Debug|Any CPU.ActiveCfg = Debug|Any CPU
		{D2442E95-8664-487C-84D7-B599E42649AA}.Debug|Any CPU.Build.0 = Debug|Any CPU
		{D2442E95-8664-487C-84D7-B599E42649AA}.Debug|x64.ActiveCfg = Debug|x64
		{D2442E95-8664-487C-84D7-B599E42649AA}.Debug|x64.Build.0 = Debug|x64
		{D2442E95-8664-487C-84D7-B599E42649AA}.Release|Any CPU.ActiveCfg = Release|Any CPU
		{D2442E95-8664-487C-84D7-B599E42649AA}.Release|Any CPU.Build.0 = Release|Any CPU
		{D2442E95-8664-487C-84D7-B599E42649AA}.Release|x64.ActiveCfg = Release|x64
		{D2442E95-8664-487C-84D7-B599E42649AA}.Release|x64.Build.0 = Release|x64
	EndGlobalSection
	GlobalSection(SolutionProperties) = preSolution
		HideSolutionNode = FALSE
	EndGlobalSection
	GlobalSection(ExtensibilityGlobals) = postSolution
		SolutionGuid = {9B7297EE-3094-4939-8403-712B8D4A3EAF}
	EndGlobalSection
EndGlobal
